{
    "version": 3,
    "terraform_version": "0.11.13",
    "serial": 4,
    "lineage": "0fb9b294-2669-063b-b20c-b1009f014120",
    "modules": [
        {
            "path": [
                "root"
            ],
            "outputs": {},
            "resources": {
                "aws_instance.server": {
                    "type": "aws_instance",
                    "depends_on": [],
                    "primary": {
                        "id": "i-0a4b672ce16bb10db",
                        "attributes": {
                            "ami": "ami-08935252a36e25f85",
                            "arn": "arn:aws:ec2:eu-west-1:241157558135:instance/i-0a4b672ce16bb10db",
                            "associate_public_ip_address": "true",
                            "availability_zone": "eu-west-1a",
                            "cpu_core_count": "1",
                            "cpu_threads_per_core": "1",
                            "credit_specification.#": "1",
                            "credit_specification.0.cpu_credits": "standard",
                            "disable_api_termination": "false",
                            "ebs_block_device.#": "0",
                            "ebs_optimized": "false",
                            "ephemeral_block_device.#": "0",
                            "get_password_data": "false",
                            "iam_instance_profile": "",
                            "id": "i-0a4b672ce16bb10db",
                            "instance_state": "running",
                            "instance_type": "t2.micro",
                            "ipv6_addresses.#": "0",
                            "key_name": "",
                            "monitoring": "false",
                            "network_interface.#": "0",
                            "password_data": "",
                            "placement_group": "",
                            "primary_network_interface_id": "eni-04e50b0546ca721f5",
                            "private_dns": "ip-172-31-35-67.eu-west-1.compute.internal",
                            "private_ip": "172.31.35.67",
                            "public_dns": "ec2-34-245-204-152.eu-west-1.compute.amazonaws.com",
                            "public_ip": "34.245.204.152",
                            "root_block_device.#": "1",
                            "root_block_device.0.delete_on_termination": "true",
                            "root_block_device.0.iops": "100",
                            "root_block_device.0.volume_id": "vol-08aa81aadc3d18a6b",
                            "root_block_device.0.volume_size": "8",
                            "root_block_device.0.volume_type": "gp2",
                            "security_groups.#": "1",
                            "security_groups.3814588639": "default",
                            "source_dest_check": "true",
                            "subnet_id": "subnet-48b8ba13",
                            "tags.%": "1",
                            "tags.Name": "static-web-server",
                            "tenancy": "default",
                            "volume_tags.%": "0",
                            "vpc_security_group_ids.#": "1",
                            "vpc_security_group_ids.1279901555": "sg-3be28b41"
                        },
                        "meta": {
                            "e2bfb730-ecaa-11e6-8f88-34363bc7c4c0": {
                                "create": 600000000000,
                                "delete": 1200000000000,
                                "update": 600000000000
                            },
                            "schema_version": "1"
                        },
                        "tainted": false
                    },
                    "deposed": [],
                    "provider": "provider.aws"
                },
                "aws_vpc.web_vpc": {
                    "type": "aws_vpc",
                    "depends_on": [],
                    "primary": {
                        "id": "vpc-078eb309b0f8709d8",
                        "attributes": {
                            "arn": "arn:aws:ec2:eu-west-1:241157558135:vpc/vpc-078eb309b0f8709d8",
                            "assign_generated_ipv6_cidr_block": "false",
                            "cidr_block": "10.0.0.0/16",
                            "default_network_acl_id": "acl-0643241c1c999c289",
                            "default_route_table_id": "rtb-04f29d0c5a247f839",
                            "default_security_group_id": "sg-06ed87f0fd70325d9",
                            "dhcp_options_id": "dopt-7b6e771c",
                            "enable_classiclink": "false",
                            "enable_classiclink_dns_support": "false",
                            "enable_dns_hostnames": "false",
                            "enable_dns_support": "true",
                            "id": "vpc-078eb309b0f8709d8",
                            "instance_tenancy": "default",
                            "ipv6_association_id": "",
                            "ipv6_cidr_block": "",
                            "main_route_table_id": "rtb-04f29d0c5a247f839",
                            "owner_id": "241157558135",
                            "tags.%": "0"
                        },
                        "meta": {
                            "schema_version": "1"
                        },
                        "tainted": false
                    },
                    "deposed": [],
                    "provider": "provider.aws"
                }
            },
            "depends_on": []
        }
    ]
}
