{
    "version": 3,
    "terraform_version": "0.11.13",
    "serial": 9,
    "lineage": "0fb9b294-2669-063b-b20c-b1009f014120",
    "modules": [
        {
            "path": [
                "root"
            ],
            "outputs": {},
            "resources": {
                "aws_internet_gateway.production": {
                    "type": "aws_internet_gateway",
                    "depends_on": [
                        "aws_vpc.production"
                    ],
                    "primary": {
                        "id": "igw-0b21cdb9fba581dbc",
                        "attributes": {
                            "id": "igw-0b21cdb9fba581dbc",
                            "owner_id": "241157558135",
                            "tags.%": "0",
                            "vpc_id": "vpc-008859d2eed941ce8"
                        },
                        "meta": {},
                        "tainted": false
                    },
                    "deposed": [],
                    "provider": "provider.aws"
                },
                "aws_key_pair.auth": {
                    "type": "aws_key_pair",
                    "depends_on": [],
                    "primary": {
                        "id": "testsite",
                        "attributes": {
                            "fingerprint": "00:35:5b:43:8f:d6:fc:1a:36:2f:c7:c6:a8:05:38:ce",
                            "id": "testsite",
                            "key_name": "testsite",
                            "public_key": "ssh-rsa AAAAB3NzaC1yc2EAAAADAQABAAACAQDC2qEVZmxozqiryCITLzdqjXSPgs1TSr7JBkqbvKR6WsC1WP66S/v6NcW6IZK82TMT0qOqI2VAdBgsf4bC5M0K3garX4cPnRlKrL/ZzKIS5+dd4Jke9Wdv4CTdw9j6FUaYjgTwfSbGQuXCxwj6EPD+MSePtfBNo8O00wjXN8/p3ssOTqZPpJtKK3No6AYlNIcl3aOoRiKr4i1S5xttOZ52roRawKsOxnWvicDZhKiksxSuX/Q2wqzGc0WYiGVH9YVh3l03x62+980fTrzWMQ/QR7FF0eToU0NgH6IIWaChAl4tRgpJgIjNOUGZcQA+pcAheJ557VyqXvjg+8fY2TRKK+Lwdqp5cgszoHXENIJRy1JzbgLRgcWjfAI5jBiMp8M9zXWg/f+rMLN2ohlP4K4jCV38vmFdsu8SgTakVIPLzir1w88odMbZwFwsVkavXsSfaR0fqEnSFSahnV5eFN9EPYwyE4IJ5sNv0PK+Q2GjrTMtREdXpQcpgDlHvf9Hi+Z12JbJ3iZVItLTSGPiVg8hJLZxDUYZRka65Q9D2+/i5zLrXr97shOQUsSWuiavnmRkqvqKlq9rT4eH2cZLFG60m2Z9w/x61JZUSZ4xMi7tPcZb07wIaTYVR7V0l7rQ6xU2F2iwZYjbOvVk1mWTATRaJczP6SxDCNmv3MuJSTP+vw== devops@testsite.com"
                        },
                        "meta": {
                            "schema_version": "1"
                        },
                        "tainted": false
                    },
                    "deposed": [],
                    "provider": "provider.aws"
                },
                "aws_route.internet_access": {
                    "type": "aws_route",
                    "depends_on": [
                        "aws_internet_gateway.production",
                        "aws_vpc.production"
                    ],
                    "primary": {
                        "id": "r-rtb-00878e3c20af24eb71080289494",
                        "attributes": {
                            "destination_cidr_block": "0.0.0.0/0",
                            "destination_prefix_list_id": "",
                            "egress_only_gateway_id": "",
                            "gateway_id": "igw-0b21cdb9fba581dbc",
                            "id": "r-rtb-00878e3c20af24eb71080289494",
                            "instance_id": "",
                            "instance_owner_id": "",
                            "nat_gateway_id": "",
                            "network_interface_id": "",
                            "origin": "CreateRoute",
                            "route_table_id": "rtb-00878e3c20af24eb7",
                            "state": "active",
                            "transit_gateway_id": "",
                            "vpc_peering_connection_id": ""
                        },
                        "meta": {
                            "e2bfb730-ecaa-11e6-8f88-34363bc7c4c0": {
                                "create": 120000000000,
                                "delete": 300000000000
                            }
                        },
                        "tainted": false
                    },
                    "deposed": [],
                    "provider": "provider.aws"
                },
                "aws_security_group.elb": {
                    "type": "aws_security_group",
                    "depends_on": [
                        "aws_vpc.production"
                    ],
                    "primary": {
                        "id": "sg-0221bcd2cd199f77d",
                        "attributes": {
                            "arn": "arn:aws:ec2:eu-west-1:241157558135:security-group/sg-0221bcd2cd199f77d",
                            "description": "Load Balancer Security Group",
                            "egress.#": "1",
                            "egress.2214680975.cidr_blocks.#": "1",
                            "egress.2214680975.cidr_blocks.0": "0.0.0.0/0",
                            "egress.2214680975.description": "",
                            "egress.2214680975.from_port": "80",
                            "egress.2214680975.ipv6_cidr_blocks.#": "0",
                            "egress.2214680975.prefix_list_ids.#": "0",
                            "egress.2214680975.protocol": "tcp",
                            "egress.2214680975.security_groups.#": "0",
                            "egress.2214680975.self": "false",
                            "egress.2214680975.to_port": "80",
                            "id": "sg-0221bcd2cd199f77d",
                            "ingress.#": "1",
                            "ingress.2214680975.cidr_blocks.#": "1",
                            "ingress.2214680975.cidr_blocks.0": "0.0.0.0/0",
                            "ingress.2214680975.description": "",
                            "ingress.2214680975.from_port": "80",
                            "ingress.2214680975.ipv6_cidr_blocks.#": "0",
                            "ingress.2214680975.prefix_list_ids.#": "0",
                            "ingress.2214680975.protocol": "tcp",
                            "ingress.2214680975.security_groups.#": "0",
                            "ingress.2214680975.self": "false",
                            "ingress.2214680975.to_port": "80",
                            "name": "elb",
                            "owner_id": "241157558135",
                            "revoke_rules_on_delete": "false",
                            "tags.%": "1",
                            "tags.Name": "Load balancer security group",
                            "vpc_id": "vpc-008859d2eed941ce8"
                        },
                        "meta": {
                            "e2bfb730-ecaa-11e6-8f88-34363bc7c4c0": {
                                "create": 600000000000,
                                "delete": 600000000000
                            },
                            "schema_version": "1"
                        },
                        "tainted": false
                    },
                    "deposed": [],
                    "provider": "provider.aws"
                },
                "aws_security_group.external": {
                    "type": "aws_security_group",
                    "depends_on": [
                        "aws_vpc.production"
                    ],
                    "primary": {
                        "id": "sg-00f188decee58ac7b",
                        "attributes": {
                            "arn": "arn:aws:ec2:eu-west-1:241157558135:security-group/sg-00f188decee58ac7b",
                            "description": "Connection From the world",
                            "egress.#": "1",
                            "egress.482069346.cidr_blocks.#": "1",
                            "egress.482069346.cidr_blocks.0": "0.0.0.0/0",
                            "egress.482069346.description": "",
                            "egress.482069346.from_port": "0",
                            "egress.482069346.ipv6_cidr_blocks.#": "0",
                            "egress.482069346.prefix_list_ids.#": "0",
                            "egress.482069346.protocol": "-1",
                            "egress.482069346.security_groups.#": "0",
                            "egress.482069346.self": "false",
                            "egress.482069346.to_port": "0",
                            "id": "sg-00f188decee58ac7b",
                            "ingress.#": "1",
                            "ingress.1349405440.cidr_blocks.#": "1",
                            "ingress.1349405440.cidr_blocks.0": "10.0.0.0/32",
                            "ingress.1349405440.description": "",
                            "ingress.1349405440.from_port": "22",
                            "ingress.1349405440.ipv6_cidr_blocks.#": "0",
                            "ingress.1349405440.prefix_list_ids.#": "0",
                            "ingress.1349405440.protocol": "tcp",
                            "ingress.1349405440.security_groups.#": "0",
                            "ingress.1349405440.self": "false",
                            "ingress.1349405440.to_port": "22",
                            "name": "external",
                            "owner_id": "241157558135",
                            "revoke_rules_on_delete": "false",
                            "tags.%": "0",
                            "vpc_id": "vpc-008859d2eed941ce8"
                        },
                        "meta": {
                            "e2bfb730-ecaa-11e6-8f88-34363bc7c4c0": {
                                "create": 600000000000,
                                "delete": 600000000000
                            },
                            "schema_version": "1"
                        },
                        "tainted": false
                    },
                    "deposed": [],
                    "provider": "provider.aws"
                },
                "aws_security_group.internal": {
                    "type": "aws_security_group",
                    "depends_on": [
                        "aws_vpc.production"
                    ],
                    "primary": {
                        "id": "sg-021da530630129406",
                        "attributes": {
                            "arn": "arn:aws:ec2:eu-west-1:241157558135:security-group/sg-021da530630129406",
                            "description": "internal connection",
                            "egress.#": "1",
                            "egress.482069346.cidr_blocks.#": "1",
                            "egress.482069346.cidr_blocks.0": "0.0.0.0/0",
                            "egress.482069346.description": "",
                            "egress.482069346.from_port": "0",
                            "egress.482069346.ipv6_cidr_blocks.#": "0",
                            "egress.482069346.prefix_list_ids.#": "0",
                            "egress.482069346.protocol": "-1",
                            "egress.482069346.security_groups.#": "0",
                            "egress.482069346.self": "false",
                            "egress.482069346.to_port": "0",
                            "id": "sg-021da530630129406",
                            "ingress.#": "1",
                            "ingress.3544538468.cidr_blocks.#": "0",
                            "ingress.3544538468.description": "",
                            "ingress.3544538468.from_port": "0",
                            "ingress.3544538468.ipv6_cidr_blocks.#": "0",
                            "ingress.3544538468.prefix_list_ids.#": "0",
                            "ingress.3544538468.protocol": "tcp",
                            "ingress.3544538468.security_groups.#": "0",
                            "ingress.3544538468.self": "true",
                            "ingress.3544538468.to_port": "65535",
                            "name": "internal",
                            "owner_id": "241157558135",
                            "revoke_rules_on_delete": "false",
                            "tags.%": "1",
                            "tags.Nmae": "Internal security group",
                            "vpc_id": "vpc-008859d2eed941ce8"
                        },
                        "meta": {
                            "e2bfb730-ecaa-11e6-8f88-34363bc7c4c0": {
                                "create": 600000000000,
                                "delete": 600000000000
                            },
                            "schema_version": "1"
                        },
                        "tainted": false
                    },
                    "deposed": [],
                    "provider": "provider.aws"
                },
                "aws_vpc.production": {
                    "type": "aws_vpc",
                    "depends_on": [],
                    "primary": {
                        "id": "vpc-008859d2eed941ce8",
                        "attributes": {
                            "arn": "arn:aws:ec2:eu-west-1:241157558135:vpc/vpc-008859d2eed941ce8",
                            "assign_generated_ipv6_cidr_block": "false",
                            "cidr_block": "10.0.0.0/16",
                            "default_network_acl_id": "acl-0bd59923ba3178de7",
                            "default_route_table_id": "rtb-00878e3c20af24eb7",
                            "default_security_group_id": "sg-0b025a67a834ae467",
                            "dhcp_options_id": "dopt-7b6e771c",
                            "enable_classiclink": "false",
                            "enable_classiclink_dns_support": "false",
                            "enable_dns_hostnames": "false",
                            "enable_dns_support": "true",
                            "id": "vpc-008859d2eed941ce8",
                            "instance_tenancy": "default",
                            "ipv6_association_id": "",
                            "ipv6_cidr_block": "",
                            "main_route_table_id": "rtb-00878e3c20af24eb7",
                            "owner_id": "241157558135",
                            "tags.%": "0"
                        },
                        "meta": {
                            "schema_version": "1"
                        },
                        "tainted": false
                    },
                    "deposed": [],
                    "provider": "provider.aws"
                },
                "template_file.web_userdata": {
                    "type": "template_file",
                    "depends_on": [],
                    "primary": {
                        "id": "8a3c75398fe615094c52db83999a305a3d8396d4097534e5b4bf4bcad287404e",
                        "attributes": {
                            "id": "8a3c75398fe615094c52db83999a305a3d8396d4097534e5b4bf4bcad287404e",
                            "rendered": "#cloud-config\n\nbootcmd:\n - hostname web.testsite.`curl http://169.254.169.254/latest/meta-data/instance-id`\n - echo 127.0.1.1 web.testsite.`curl http://169.254.169.254/latest/meta-data/instance-id` \u003e\u003e /etc/hosts\n - echo web.testsite.`curl http://169.254.169.254/latest/meta-data/instance-id` \u003e /etc/hostname\n\npreserve_hostname: true\n",
                            "template": "#cloud-config\n\nbootcmd:\n - hostname web.${domain_name}.`curl http://169.254.169.254/latest/meta-data/instance-id`\n - echo 127.0.1.1 web.${domain_name}.`curl http://169.254.169.254/latest/meta-data/instance-id` \u003e\u003e /etc/hosts\n - echo web.${domain_name}.`curl http://169.254.169.254/latest/meta-data/instance-id` \u003e /etc/hostname\n\npreserve_hostname: true\n",
                            "vars.%": "1",
                            "vars.domain_name": "testsite"
                        },
                        "meta": {},
                        "tainted": false
                    },
                    "deposed": [],
                    "provider": "provider.template"
                }
            },
            "depends_on": []
        }
    ]
}
