{
    "version": 3,
    "terraform_version": "0.11.13",
    "serial": 3,
    "lineage": "0fb9b294-2669-063b-b20c-b1009f014120",
    "modules": [
        {
            "path": [
                "root"
            ],
            "outputs": {},
            "resources": {
                "aws_instance.server": {
                    "type": "aws_instance",
                    "depends_on": [],
                    "primary": {
                        "id": "i-0727ad5b27b5b527f",
                        "attributes": {
                            "ami": "ami-08935252a36e25f85",
                            "arn": "arn:aws:ec2:eu-west-1:241157558135:instance/i-0727ad5b27b5b527f",
                            "associate_public_ip_address": "true",
                            "availability_zone": "eu-west-1a",
                            "cpu_core_count": "1",
                            "cpu_threads_per_core": "1",
                            "credit_specification.#": "1",
                            "credit_specification.0.cpu_credits": "standard",
                            "disable_api_termination": "false",
                            "ebs_block_device.#": "0",
                            "ebs_optimized": "false",
                            "ephemeral_block_device.#": "0",
                            "get_password_data": "false",
                            "iam_instance_profile": "",
                            "id": "i-0727ad5b27b5b527f",
                            "instance_state": "running",
                            "instance_type": "t2.micro",
                            "ipv6_addresses.#": "0",
                            "key_name": "",
                            "monitoring": "false",
                            "network_interface.#": "0",
                            "password_data": "",
                            "placement_group": "",
                            "primary_network_interface_id": "eni-09af2604e9c1afcad",
                            "private_dns": "ip-172-31-46-183.eu-west-1.compute.internal",
                            "private_ip": "172.31.46.183",
                            "public_dns": "ec2-54-194-4-14.eu-west-1.compute.amazonaws.com",
                            "public_ip": "54.194.4.14",
                            "root_block_device.#": "1",
                            "root_block_device.0.delete_on_termination": "true",
                            "root_block_device.0.iops": "100",
                            "root_block_device.0.volume_id": "vol-0c5047775bd1ec362",
                            "root_block_device.0.volume_size": "8",
                            "root_block_device.0.volume_type": "gp2",
                            "security_groups.#": "1",
                            "security_groups.3814588639": "default",
                            "source_dest_check": "true",
                            "subnet_id": "subnet-48b8ba13",
                            "tags.%": "1",
                            "tags.Name": "static-web-server",
                            "tenancy": "default",
                            "volume_tags.%": "0",
                            "vpc_security_group_ids.#": "1",
                            "vpc_security_group_ids.1279901555": "sg-3be28b41"
                        },
                        "meta": {
                            "e2bfb730-ecaa-11e6-8f88-34363bc7c4c0": {
                                "create": 600000000000,
                                "delete": 1200000000000,
                                "update": 600000000000
                            },
                            "schema_version": "1"
                        },
                        "tainted": false
                    },
                    "deposed": [],
                    "provider": "provider.aws"
                }
            },
            "depends_on": []
        }
    ]
}
